
Microsoft Visual Studio Solution File, Format Version 12.00
# Visual Studio Version 16
VisualStudioVersion = 16.0.31911.196
MinimumVisualStudioVersion = 10.0.40219.1
Project("{FAE04EC0-301F-11D3-BF4B-00C04F79EFBC}") = "ApiToken", "ApiToken\ApiToken.csproj", "{5A3F6E24-BC19-40C3-87DD-FC7D2A3FFE7E}"
EndProject
Global
	GlobalSection(SolutionConfigurationPlatforms) = preSolution
		Debug|Any CPU = Debug|Any CPU
		Release|Any CPU = Release|Any CPU
	EndGlobalSection
	GlobalSection(ProjectConfigurationPlatforms) = postSolution
		{5A3F6E24-BC19-40C3-87DD-FC7D2A3FFE7E}.Debug|Any CPU.ActiveCfg = Debug|Any CPU
		{5A3F6E24-BC19-40C3-87DD-FC7D2A3FFE7E}.Debug|Any CPU.Build.0 = Debug|Any CPU
		{5A3F6E24-BC19-40C3-87DD-FC7D2A3FFE7E}.Release|Any CPU.ActiveCfg = Release|Any CPU
		{5A3F6E24-BC19-40C3-87DD-FC7D2A3FFE7E}.Release|Any CPU.Build.0 = Release|Any CPU
	EndGlobalSection
	GlobalSection(SolutionProperties) = preSolution
		HideSolutionNode = FALSE
	EndGlobalSection
	GlobalSection(ExtensibilityGlobals) = postSolution
		SolutionGuid = {8BC73F7A-1FC3-4653-980D-F0E129501056}
	EndGlobalSection
EndGlobal
